
Microsoft Visual Studio Solution File, Format Version 12.00
# Visual Studio 15
VisualStudioVersion = 15.0.27004.2005
MinimumVisualStudioVersion = 10.0.40219.1
Project("{9A19103F-16F7-4668-BE54-9A1E7A4F7556}") = "BpApi", "BpApi\BpApi.csproj", "{DE234689-C802-44F1-A591-AAF5FDEE209A}"
	ProjectSection(ProjectDependencies) = postProject
		{067F4B82-A50B-4096-B5B7-BBCB3648FF3D} = {067F4B82-A50B-4096-B5B7-BBCB3648FF3D}
	EndProjectSection
EndProject
Project("{9A19103F-16F7-4668-BE54-9A1E7A4F7556}") = "AccessFacade", "AccessFacade\AccessFacade.csproj", "{067F4B82-A50B-4096-B5B7-BBCB3648FF3D}"
EndProject
Project("{2150E333-8FDC-42A3-9474-1A3956D46DE8}") = "modules", "modules", "{689E98BF-BF5A-447E-B557-A5FCC85B22E5}"
EndProject
Global
	GlobalSection(SolutionConfigurationPlatforms) = preSolution
		Debug|Any CPU = Debug|Any CPU
		Release|Any CPU = Release|Any CPU
	EndGlobalSection
	GlobalSection(ProjectConfigurationPlatforms) = postSolution
		{DE234689-C802-44F1-A591-AAF5FDEE209A}.Debug|Any CPU.ActiveCfg = Debug|Any CPU
		{DE234689-C802-44F1-A591-AAF5FDEE209A}.Debug|Any CPU.Build.0 = Debug|Any CPU
		{DE234689-C802-44F1-A591-AAF5FDEE209A}.Release|Any CPU.ActiveCfg = Release|Any CPU
		{DE234689-C802-44F1-A591-AAF5FDEE209A}.Release|Any CPU.Build.0 = Release|Any CPU
		{067F4B82-A50B-4096-B5B7-BBCB3648FF3D}.Debug|Any CPU.ActiveCfg = Debug|Any CPU
		{067F4B82-A50B-4096-B5B7-BBCB3648FF3D}.Debug|Any CPU.Build.0 = Debug|Any CPU
		{067F4B82-A50B-4096-B5B7-BBCB3648FF3D}.Release|Any CPU.ActiveCfg = Release|Any CPU
		{067F4B82-A50B-4096-B5B7-BBCB3648FF3D}.Release|Any CPU.Build.0 = Release|Any CPU
	EndGlobalSection
	GlobalSection(SolutionProperties) = preSolution
		HideSolutionNode = FALSE
	EndGlobalSection
	GlobalSection(NestedProjects) = preSolution
		{067F4B82-A50B-4096-B5B7-BBCB3648FF3D} = {689E98BF-BF5A-447E-B557-A5FCC85B22E5}
	EndGlobalSection
	GlobalSection(ExtensibilityGlobals) = postSolution
		SolutionGuid = {6D71BBAA-7BA7-4F3E-BD28-A0494AA128DE}
	EndGlobalSection
EndGlobal
